
Microsoft Visual Studio Solution File, Format Version 12.00
Project("{FAE04EC0-301F-11D3-BF4B-00C04F79EFBC}") = "Team_assignment", "Team_assignment\Team_assignment.csproj", "{9411C840-9FF8-4DD5-B320-05CDFE4A3680}"
EndProject
Global
	GlobalSection(SolutionConfigurationPlatforms) = preSolution
		Debug|Any CPU = Debug|Any CPU
		Release|Any CPU = Release|Any CPU
	EndGlobalSection
	GlobalSection(ProjectConfigurationPlatforms) = postSolution
		{9411C840-9FF8-4DD5-B320-05CDFE4A3680}.Debug|Any CPU.ActiveCfg = Debug|Any CPU
		{9411C840-9FF8-4DD5-B320-05CDFE4A3680}.Debug|Any CPU.Build.0 = Debug|Any CPU
		{9411C840-9FF8-4DD5-B320-05CDFE4A3680}.Release|Any CPU.ActiveCfg = Release|Any CPU
		{9411C840-9FF8-4DD5-B320-05CDFE4A3680}.Release|Any CPU.Build.0 = Release|Any CPU
	EndGlobalSection
EndGlobal
